
Microsoft Visual Studio Solution File, Format Version 12.00
# Visual Studio Version 16
VisualStudioVersion = 16.0.29806.167
MinimumVisualStudioVersion = 10.0.40219.1
Project("{9A19103F-16F7-4668-BE54-9A1E7A4F7556}") = "Hexagonal-Exercise", "src\Hexagonal-Exercise.csproj", "{296CBAC0-89D7-4C61-BF16-CFB2F475FCDC}"
EndProject
Project("{2150E333-8FDC-42A3-9474-1A3956D46DE8}") = "test", "test", "{88B4BA1A-0308-498E-8410-66FC9274DA8E}"
EndProject
Project("{9A19103F-16F7-4668-BE54-9A1E7A4F7556}") = "Hexagonal-exercise.test", "test\Hexagonal-exercise.test.csproj", "{19801972-E499-41B6-B447-0B2ACF122771}"
EndProject
Project("{2150E333-8FDC-42A3-9474-1A3956D46DE8}") = "src", "src", "{CF579888-1DCF-4CB0-8D95-A45BD720AD34}"
EndProject
Global
	GlobalSection(SolutionConfigurationPlatforms) = preSolution
		Debug|Any CPU = Debug|Any CPU
		Release|Any CPU = Release|Any CPU
	EndGlobalSection
	GlobalSection(ProjectConfigurationPlatforms) = postSolution
		{296CBAC0-89D7-4C61-BF16-CFB2F475FCDC}.Debug|Any CPU.ActiveCfg = Debug|Any CPU
		{296CBAC0-89D7-4C61-BF16-CFB2F475FCDC}.Debug|Any CPU.Build.0 = Debug|Any CPU
		{296CBAC0-89D7-4C61-BF16-CFB2F475FCDC}.Release|Any CPU.ActiveCfg = Release|Any CPU
		{296CBAC0-89D7-4C61-BF16-CFB2F475FCDC}.Release|Any CPU.Build.0 = Release|Any CPU
		{19801972-E499-41B6-B447-0B2ACF122771}.Debug|Any CPU.ActiveCfg = Debug|Any CPU
		{19801972-E499-41B6-B447-0B2ACF122771}.Debug|Any CPU.Build.0 = Debug|Any CPU
		{19801972-E499-41B6-B447-0B2ACF122771}.Release|Any CPU.ActiveCfg = Release|Any CPU
		{19801972-E499-41B6-B447-0B2ACF122771}.Release|Any CPU.Build.0 = Release|Any CPU
	EndGlobalSection
	GlobalSection(SolutionProperties) = preSolution
		HideSolutionNode = FALSE
	EndGlobalSection
	GlobalSection(NestedProjects) = preSolution
		{296CBAC0-89D7-4C61-BF16-CFB2F475FCDC} = {CF579888-1DCF-4CB0-8D95-A45BD720AD34}
		{19801972-E499-41B6-B447-0B2ACF122771} = {88B4BA1A-0308-498E-8410-66FC9274DA8E}
	EndGlobalSection
	GlobalSection(ExtensibilityGlobals) = postSolution
		SolutionGuid = {BD21E516-5571-4B1F-8C9C-290A4A105AC5}
	EndGlobalSection
EndGlobal
